// !$*UTF8*$!
{
	archiveVersion = 1;
	classes = {
	};
	objectVersion = 55;
	objects = {

/* Begin PBXBuildFile section */
		817CA757275CF53900B137BC /* OpenWetterApp.swift in Sources */ = {isa = PBXBuildFile; fileRef = 817CA747275CF53800B137BC /* OpenWetterApp.swift */; };
		817CA758275CF53900B137BC /* OpenWetterApp.swift in Sources */ = {isa = PBXBuildFile; fileRef = 817CA747275CF53800B137BC /* OpenWetterApp.swift */; };
		817CA759275CF53900B137BC /* ContentView.swift in Sources */ = {isa = PBXBuildFile; fileRef = 817CA748275CF53800B137BC /* ContentView.swift */; };
		817CA75A275CF53900B137BC /* ContentView.swift in Sources */ = {isa = PBXBuildFile; fileRef = 817CA748275CF53800B137BC /* ContentView.swift */; };
		817CA766275CF67A00B137BC /* Assets.xcassets in Resources */ = {isa = PBXBuildFile; fileRef = 817CA765275CF67A00B137BC /* Assets.xcassets */; };
		817CA767275CF67A00B137BC /* Assets.xcassets in Resources */ = {isa = PBXBuildFile; fileRef = 817CA765275CF67A00B137BC /* Assets.xcassets */; };
		817CA76A275CF6DB00B137BC /* LocationManager.swift in Sources */ = {isa = PBXBuildFile; fileRef = 817CA769275CF6DB00B137BC /* LocationManager.swift */; };
		817CA76B275CF6DB00B137BC /* LocationManager.swift in Sources */ = {isa = PBXBuildFile; fileRef = 817CA769275CF6DB00B137BC /* LocationManager.swift */; };
		817CA76E275CF92C00B137BC /* WelcomeView.swift in Sources */ = {isa = PBXBuildFile; fileRef = 817CA76D275CF92C00B137BC /* WelcomeView.swift */; };
		817CA76F275CF92C00B137BC /* WelcomeView.swift in Sources */ = {isa = PBXBuildFile; fileRef = 817CA76D275CF92C00B137BC /* WelcomeView.swift */; };
		817CA771275CFD8100B137BC /* LoadingView.swift in Sources */ = {isa = PBXBuildFile; fileRef = 817CA770275CFD8100B137BC /* LoadingView.swift */; };
		817CA772275CFD8100B137BC /* LoadingView.swift in Sources */ = {isa = PBXBuildFile; fileRef = 817CA770275CFD8100B137BC /* LoadingView.swift */; };
		817CA774275D050000B137BC /* WeatherManager.swift in Sources */ = {isa = PBXBuildFile; fileRef = 817CA773275D050000B137BC /* WeatherManager.swift */; };
		817CA775275D050000B137BC /* WeatherManager.swift in Sources */ = {isa = PBXBuildFile; fileRef = 817CA773275D050000B137BC /* WeatherManager.swift */; };
		817CA777275D086100B137BC /* WeatherView.swift in Sources */ = {isa = PBXBuildFile; fileRef = 817CA776275D086100B137BC /* WeatherView.swift */; };
		817CA778275D086100B137BC /* WeatherView.swift in Sources */ = {isa = PBXBuildFile; fileRef = 817CA776275D086100B137BC /* WeatherView.swift */; };
		817CA77B275D099300B137BC /* ModelData.swift in Sources */ = {isa = PBXBuildFile; fileRef = 817CA77A275D099300B137BC /* ModelData.swift */; };
		817CA77C275D099300B137BC /* ModelData.swift in Sources */ = {isa = PBXBuildFile; fileRef = 817CA77A275D099300B137BC /* ModelData.swift */; };
		817CA77E275D09B700B137BC /* weatherData.json in Resources */ = {isa = PBXBuildFile; fileRef = 817CA77D275D09B700B137BC /* weatherData.json */; };
		817CA77F275D09B700B137BC /* weatherData.json in Resources */ = {isa = PBXBuildFile; fileRef = 817CA77D275D09B700B137BC /* weatherData.json */; };
		817CA781275E04C100B137BC /* Extensions.swift in Sources */ = {isa = PBXBuildFile; fileRef = 817CA780275E04C100B137BC /* Extensions.swift */; };
		817CA782275E04C100B137BC /* Extensions.swift in Sources */ = {isa = PBXBuildFile; fileRef = 817CA780275E04C100B137BC /* Extensions.swift */; };
		817CA785275E0D6B00B137BC /* WeatherRow.swift in Sources */ = {isa = PBXBuildFile; fileRef = 817CA784275E0D6B00B137BC /* WeatherRow.swift */; };
		817CA786275E0D6B00B137BC /* WeatherRow.swift in Sources */ = {isa = PBXBuildFile; fileRef = 817CA784275E0D6B00B137BC /* WeatherRow.swift */; };
		817CA789275F9FAC00B137BC /* .env.example in Resources */ = {isa = PBXBuildFile; fileRef = 817CA788275F9FAC00B137BC /* .env.example */; };
		817CA78A275F9FAC00B137BC /* .env.example in Resources */ = {isa = PBXBuildFile; fileRef = 817CA788275F9FAC00B137BC /* .env.example */; };
/* End PBXBuildFile section */

/* Begin PBXFileReference section */
		817CA747275CF53800B137BC /* OpenWetterApp.swift */ = {isa = PBXFileReference; lastKnownFileType = sourcecode.swift; path = OpenWetterApp.swift; sourceTree = "<group>"; };
		817CA748275CF53800B137BC /* ContentView.swift */ = {isa = PBXFileReference; lastKnownFileType = sourcecode.swift; path = ContentView.swift; sourceTree = "<group>"; };
		817CA74E275CF53900B137BC /* OpenWetter.app */ = {isa = PBXFileReference; explicitFileType = wrapper.application; includeInIndex = 0; path = OpenWetter.app; sourceTree = BUILT_PRODUCTS_DIR; };
		817CA754275CF53900B137BC /* OpenWetter.app */ = {isa = PBXFileReference; explicitFileType = wrapper.application; includeInIndex = 0; path = OpenWetter.app; sourceTree = BUILT_PRODUCTS_DIR; };
		817CA756275CF53900B137BC /* macOS.entitlements */ = {isa = PBXFileReference; lastKnownFileType = text.plist.entitlements; path = macOS.entitlements; sourceTree = "<group>"; };
		817CA765275CF67A00B137BC /* Assets.xcassets */ = {isa = PBXFileReference; lastKnownFileType = folder.assetcatalog; name = Assets.xcassets; path = ../../../../../Downloads/AppIcons/Assets.xcassets; sourceTree = "<group>"; };
		817CA769275CF6DB00B137BC /* LocationManager.swift */ = {isa = PBXFileReference; lastKnownFileType = sourcecode.swift; path = LocationManager.swift; sourceTree = "<group>"; };
		817CA76D275CF92C00B137BC /* WelcomeView.swift */ = {isa = PBXFileReference; lastKnownFileType = sourcecode.swift; path = WelcomeView.swift; sourceTree = "<group>"; };
		817CA770275CFD8100B137BC /* LoadingView.swift */ = {isa = PBXFileReference; lastKnownFileType = sourcecode.swift; path = LoadingView.swift; sourceTree = "<group>"; };
		817CA773275D050000B137BC /* WeatherManager.swift */ = {isa = PBXFileReference; lastKnownFileType = sourcecode.swift; path = WeatherManager.swift; sourceTree = "<group>"; };
		817CA776275D086100B137BC /* WeatherView.swift */ = {isa = PBXFileReference; lastKnownFileType = sourcecode.swift; path = WeatherView.swift; sourceTree = "<group>"; };
		817CA77A275D099300B137BC /* ModelData.swift */ = {isa = PBXFileReference; lastKnownFileType = sourcecode.swift; path = ModelData.swift; sourceTree = "<group>"; };
		817CA77D275D09B700B137BC /* weatherData.json */ = {isa = PBXFileReference; lastKnownFileType = text.json; path = weatherData.json; sourceTree = "<group>"; };
		817CA780275E04C100B137BC /* Extensions.swift */ = {isa = PBXFileReference; lastKnownFileType = sourcecode.swift; path = Extensions.swift; sourceTree = "<group>"; };
		817CA784275E0D6B00B137BC /* WeatherRow.swift */ = {isa = PBXFileReference; lastKnownFileType = sourcecode.swift; path = WeatherRow.swift; sourceTree = "<group>"; };
		817CA787275F69F200B137BC /* OpenWetter--iOS--Info.plist */ = {isa = PBXFileReference; lastKnownFileType = text.plist; path = "OpenWetter--iOS--Info.plist"; sourceTree = "<group>"; };
		817CA788275F9FAC00B137BC /* .env.example */ = {isa = PBXFileReference; lastKnownFileType = text; path = .env.example; sourceTree = "<group>"; };
/* End PBXFileReference section */

/* Begin PBXFrameworksBuildPhase section */
		817CA74B275CF53900B137BC /* Frameworks */ = {
			isa = PBXFrameworksBuildPhase;
			buildActionMask = 2147483647;
			files = (
			);
			runOnlyForDeploymentPostprocessing = 0;
		};
		817CA751275CF53900B137BC /* Frameworks */ = {
			isa = PBXFrameworksBuildPhase;
			buildActionMask = 2147483647;
			files = (
			);
			runOnlyForDeploymentPostprocessing = 0;
		};
/* End PBXFrameworksBuildPhase section */

/* Begin PBXGroup section */
		817CA741275CF53700B137BC = {
			isa = PBXGroup;
			children = (
				817CA788275F9FAC00B137BC /* .env.example */,
				817CA787275F69F200B137BC /* OpenWetter--iOS--Info.plist */,
				817CA746275CF53800B137BC /* Shared */,
				817CA755275CF53900B137BC /* macOS */,
				817CA74F275CF53900B137BC /* Products */,
			);
			sourceTree = "<group>";
			usesTabs = 1;
		};
		817CA746275CF53800B137BC /* Shared */ = {
			isa = PBXGroup;
			children = (
				817CA783275E0D5E00B137BC /* Components */,
				817CA779275D097F00B137BC /* Preview Content */,
				817CA76C275CF83B00B137BC /* Views */,
				817CA768275CF6C500B137BC /* Managers */,
				817CA747275CF53800B137BC /* OpenWetterApp.swift */,
				817CA765275CF67A00B137BC /* Assets.xcassets */,
				817CA780275E04C100B137BC /* Extensions.swift */,
			);
			path = Shared;
			sourceTree = "<group>";
		};
		817CA74F275CF53900B137BC /* Products */ = {
			isa = PBXGroup;
			children = (
				817CA74E275CF53900B137BC /* OpenWetter.app */,
				817CA754275CF53900B137BC /* OpenWetter.app */,
			);
			name = Products;
			sourceTree = "<group>";
		};
		817CA755275CF53900B137BC /* macOS */ = {
			isa = PBXGroup;
			children = (
				817CA756275CF53900B137BC /* macOS.entitlements */,
			);
			path = macOS;
			sourceTree = "<group>";
		};
		817CA768275CF6C500B137BC /* Managers */ = {
			isa = PBXGroup;
			children = (
				817CA769275CF6DB00B137BC /* LocationManager.swift */,
				817CA773275D050000B137BC /* WeatherManager.swift */,
			);
			path = Managers;
			sourceTree = "<group>";
		};
		817CA76C275CF83B00B137BC /* Views */ = {
			isa = PBXGroup;
			children = (
				817CA748275CF53800B137BC /* ContentView.swift */,
				817CA76D275CF92C00B137BC /* WelcomeView.swift */,
				817CA770275CFD8100B137BC /* LoadingView.swift */,
				817CA776275D086100B137BC /* WeatherView.swift */,
			);
			path = Views;
			sourceTree = "<group>";
		};
		817CA779275D097F00B137BC /* Preview Content */ = {
			isa = PBXGroup;
			children = (
				817CA77A275D099300B137BC /* ModelData.swift */,
				817CA77D275D09B700B137BC /* weatherData.json */,
			);
			path = "Preview Content";
			sourceTree = "<group>";
		};
		817CA783275E0D5E00B137BC /* Components */ = {
			isa = PBXGroup;
			children = (
				817CA784275E0D6B00B137BC /* WeatherRow.swift */,
			);
			path = Components;
			sourceTree = "<group>";
		};
/* End PBXGroup section */

/* Begin PBXNativeTarget section */
		817CA74D275CF53900B137BC /* OpenWetter (iOS) */ = {
			isa = PBXNativeTarget;
			buildConfigurationList = 817CA75F275CF53900B137BC /* Build configuration list for PBXNativeTarget "OpenWetter (iOS)" */;
			buildPhases = (
				817CA74A275CF53900B137BC /* Sources */,
				817CA74B275CF53900B137BC /* Frameworks */,
				817CA74C275CF53900B137BC /* Resources */,
			);
			buildRules = (
			);
			dependencies = (
			);
			name = "OpenWetter (iOS)";
			productName = "OpenWetter (iOS)";
			productReference = 817CA74E275CF53900B137BC /* OpenWetter.app */;
			productType = "com.apple.product-type.application";
		};
		817CA753275CF53900B137BC /* OpenWetter (macOS) */ = {
			isa = PBXNativeTarget;
			buildConfigurationList = 817CA762275CF53900B137BC /* Build configuration list for PBXNativeTarget "OpenWetter (macOS)" */;
			buildPhases = (
				817CA750275CF53900B137BC /* Sources */,
				817CA751275CF53900B137BC /* Frameworks */,
				817CA752275CF53900B137BC /* Resources */,
			);
			buildRules = (
			);
			dependencies = (
			);
			name = "OpenWetter (macOS)";
			productName = "OpenWetter (macOS)";
			productReference = 817CA754275CF53900B137BC /* OpenWetter.app */;
			productType = "com.apple.product-type.application";
		};
/* End PBXNativeTarget section */

/* Begin PBXProject section */
		817CA742275CF53700B137BC /* Project object */ = {
			isa = PBXProject;
			attributes = {
				BuildIndependentTargetsInParallel = 1;
				LastSwiftUpdateCheck = 1310;
				LastUpgradeCheck = 1310;
				TargetAttributes = {
					817CA74D275CF53900B137BC = {
						CreatedOnToolsVersion = 13.1;
					};
					817CA753275CF53900B137BC = {
						CreatedOnToolsVersion = 13.1;
					};
				};
			};
			buildConfigurationList = 817CA745275CF53700B137BC /* Build configuration list for PBXProject "OpenWetter" */;
			compatibilityVersion = "Xcode 13.0";
			developmentRegion = en;
			hasScannedForEncodings = 0;
			knownRegions = (
				en,
				Base,
			);
			mainGroup = 817CA741275CF53700B137BC;
			productRefGroup = 817CA74F275CF53900B137BC /* Products */;
			projectDirPath = "";
			projectRoot = "";
			targets = (
				817CA74D275CF53900B137BC /* OpenWetter (iOS) */,
				817CA753275CF53900B137BC /* OpenWetter (macOS) */,
			);
		};
/* End PBXProject section */

/* Begin PBXResourcesBuildPhase section */
		817CA74C275CF53900B137BC /* Resources */ = {
			isa = PBXResourcesBuildPhase;
			buildActionMask = 2147483647;
			files = (
				817CA77E275D09B700B137BC /* weatherData.json in Resources */,
				817CA789275F9FAC00B137BC /* .env.example in Resources */,
				817CA766275CF67A00B137BC /* Assets.xcassets in Resources */,
			);
			runOnlyForDeploymentPostprocessing = 0;
		};
		817CA752275CF53900B137BC /* Resources */ = {
			isa = PBXResourcesBuildPhase;
			buildActionMask = 2147483647;
			files = (
				817CA77F275D09B700B137BC /* weatherData.json in Resources */,
				817CA78A275F9FAC00B137BC /* .env.example in Resources */,
				817CA767275CF67A00B137BC /* Assets.xcassets in Resources */,
			);
			runOnlyForDeploymentPostprocessing = 0;
		};
/* End PBXResourcesBuildPhase section */

/* Begin PBXSourcesBuildPhase section */
		817CA74A275CF53900B137BC /* Sources */ = {
			isa = PBXSourcesBuildPhase;
			buildActionMask = 2147483647;
			files = (
				817CA774275D050000B137BC /* WeatherManager.swift in Sources */,
				817CA781275E04C100B137BC /* Extensions.swift in Sources */,
				817CA759275CF53900B137BC /* ContentView.swift in Sources */,
				817CA757275CF53900B137BC /* OpenWetterApp.swift in Sources */,
				817CA76A275CF6DB00B137BC /* LocationManager.swift in Sources */,
				817CA785275E0D6B00B137BC /* WeatherRow.swift in Sources */,
				817CA771275CFD8100B137BC /* LoadingView.swift in Sources */,
				817CA77B275D099300B137BC /* ModelData.swift in Sources */,
				817CA777275D086100B137BC /* WeatherView.swift in Sources */,
				817CA76E275CF92C00B137BC /* WelcomeView.swift in Sources */,
			);
			runOnlyForDeploymentPostprocessing = 0;
		};
		817CA750275CF53900B137BC /* Sources */ = {
			isa = PBXSourcesBuildPhase;
			buildActionMask = 2147483647;
			files = (
				817CA775275D050000B137BC /* WeatherManager.swift in Sources */,
				817CA782275E04C100B137BC /* Extensions.swift in Sources */,
				817CA75A275CF53900B137BC /* ContentView.swift in Sources */,
				817CA758275CF53900B137BC /* OpenWetterApp.swift in Sources */,
				817CA76B275CF6DB00B137BC /* LocationManager.swift in Sources */,
				817CA786275E0D6B00B137BC /* WeatherRow.swift in Sources */,
				817CA772275CFD8100B137BC /* LoadingView.swift in Sources */,
				817CA77C275D099300B137BC /* ModelData.swift in Sources */,
				817CA778275D086100B137BC /* WeatherView.swift in Sources */,
				817CA76F275CF92C00B137BC /* WelcomeView.swift in Sources */,
			);
			runOnlyForDeploymentPostprocessing = 0;
		};
/* End PBXSourcesBuildPhase section */

/* Begin XCBuildConfiguration section */
		817CA75D275CF53900B137BC /* Debug */ = {
			isa = XCBuildConfiguration;
			buildSettings = {
				ALWAYS_SEARCH_USER_PATHS = NO;
				CLANG_ANALYZER_NONNULL = YES;
				CLANG_ANALYZER_NUMBER_OBJECT_CONVERSION = YES_AGGRESSIVE;
				CLANG_CXX_LANGUAGE_STANDARD = "gnu++17";
				CLANG_CXX_LIBRARY = "libc++";
				CLANG_ENABLE_MODULES = YES;
				CLANG_ENABLE_OBJC_ARC = YES;
				CLANG_ENABLE_OBJC_WEAK = YES;
				CLANG_WARN_BLOCK_CAPTURE_AUTORELEASING = YES;
				CLANG_WARN_BOOL_CONVERSION = YES;
				CLANG_WARN_COMMA = YES;
				CLANG_WARN_CONSTANT_CONVERSION = YES;
				CLANG_WARN_DEPRECATED_OBJC_IMPLEMENTATIONS = YES;
				CLANG_WARN_DIRECT_OBJC_ISA_USAGE = YES_ERROR;
				CLANG_WARN_DOCUMENTATION_COMMENTS = YES;
				CLANG_WARN_EMPTY_BODY = YES;
				CLANG_WARN_ENUM_CONVERSION = YES;
				CLANG_WARN_INFINITE_RECURSION = YES;
				CLANG_WARN_INT_CONVERSION = YES;
				CLANG_WARN_NON_LITERAL_NULL_CONVERSION = YES;
				CLANG_WARN_OBJC_IMPLICIT_RETAIN_SELF = YES;
				CLANG_WARN_OBJC_LITERAL_CONVERSION = YES;
				CLANG_WARN_OBJC_ROOT_CLASS = YES_ERROR;
				CLANG_WARN_QUOTED_INCLUDE_IN_FRAMEWORK_HEADER = YES;
				CLANG_WARN_RANGE_LOOP_ANALYSIS = YES;
				CLANG_WARN_STRICT_PROTOTYPES = YES;
				CLANG_WARN_SUSPICIOUS_MOVE = YES;
				CLANG_WARN_UNGUARDED_AVAILABILITY = YES_AGGRESSIVE;
				CLANG_WARN_UNREACHABLE_CODE = YES;
				CLANG_WARN__DUPLICATE_METHOD_MATCH = YES;
				COPY_PHASE_STRIP = NO;
				DEBUG_INFORMATION_FORMAT = dwarf;
				ENABLE_STRICT_OBJC_MSGSEND = YES;
				ENABLE_TESTABILITY = YES;
				GCC_C_LANGUAGE_STANDARD = gnu11;
				GCC_DYNAMIC_NO_PIC = NO;
				GCC_NO_COMMON_BLOCKS = YES;
				GCC_OPTIMIZATION_LEVEL = 0;
				GCC_PREPROCESSOR_DEFINITIONS = (
					"DEBUG=1",
					"$(inherited)",
				);
				GCC_WARN_64_TO_32_BIT_CONVERSION = YES;
				GCC_WARN_ABOUT_RETURN_TYPE = YES_ERROR;
				GCC_WARN_UNDECLARED_SELECTOR = YES;
				GCC_WARN_UNINITIALIZED_AUTOS = YES_AGGRESSIVE;
				GCC_WARN_UNUSED_FUNCTION = YES;
				GCC_WARN_UNUSED_VARIABLE = YES;
				MTL_ENABLE_DEBUG_INFO = INCLUDE_SOURCE;
				MTL_FAST_MATH = YES;
				ONLY_ACTIVE_ARCH = YES;
				SWIFT_ACTIVE_COMPILATION_CONDITIONS = DEBUG;
				SWIFT_OPTIMIZATION_LEVEL = "-Onone";
			};
			name = Debug;
		};
		817CA75E275CF53900B137BC /* Release */ = {
			isa = XCBuildConfiguration;
			buildSettings = {
				ALWAYS_SEARCH_USER_PATHS = NO;
				CLANG_ANALYZER_NONNULL = YES;
				CLANG_ANALYZER_NUMBER_OBJECT_CONVERSION = YES_AGGRESSIVE;
				CLANG_CXX_LANGUAGE_STANDARD = "gnu++17";
				CLANG_CXX_LIBRARY = "libc++";
				CLANG_ENABLE_MODULES = YES;
				CLANG_ENABLE_OBJC_ARC = YES;
				CLANG_ENABLE_OBJC_WEAK = YES;
				CLANG_WARN_BLOCK_CAPTURE_AUTORELEASING = YES;
				CLANG_WARN_BOOL_CONVERSION = YES;
				CLANG_WARN_COMMA = YES;
				CLANG_WARN_CONSTANT_CONVERSION = YES;
				CLANG_WARN_DEPRECATED_OBJC_IMPLEMENTATIONS = YES;
				CLANG_WARN_DIRECT_OBJC_ISA_USAGE = YES_ERROR;
				CLANG_WARN_DOCUMENTATION_COMMENTS = YES;
				CLANG_WARN_EMPTY_BODY = YES;
				CLANG_WARN_ENUM_CONVERSION = YES;
				CLANG_WARN_INFINITE_RECURSION = YES;
				CLANG_WARN_INT_CONVERSION = YES;
				CLANG_WARN_NON_LITERAL_NULL_CONVERSION = YES;
				CLANG_WARN_OBJC_IMPLICIT_RETAIN_SELF = YES;
				CLANG_WARN_OBJC_LITERAL_CONVERSION = YES;
				CLANG_WARN_OBJC_ROOT_CLASS = YES_ERROR;
				CLANG_WARN_QUOTED_INCLUDE_IN_FRAMEWORK_HEADER = YES;
				CLANG_WARN_RANGE_LOOP_ANALYSIS = YES;
				CLANG_WARN_STRICT_PROTOTYPES = YES;
				CLANG_WARN_SUSPICIOUS_MOVE = YES;
				CLANG_WARN_UNGUARDED_AVAILABILITY = YES_AGGRESSIVE;
				CLANG_WARN_UNREACHABLE_CODE = YES;
				CLANG_WARN__DUPLICATE_METHOD_MATCH = YES;
				COPY_PHASE_STRIP = NO;
				DEBUG_INFORMATION_FORMAT = "dwarf-with-dsym";
				ENABLE_NS_ASSERTIONS = NO;
				ENABLE_STRICT_OBJC_MSGSEND = YES;
				GCC_C_LANGUAGE_STANDARD = gnu11;
				GCC_NO_COMMON_BLOCKS = YES;
				GCC_WARN_64_TO_32_BIT_CONVERSION = YES;
				GCC_WARN_ABOUT_RETURN_TYPE = YES_ERROR;
				GCC_WARN_UNDECLARED_SELECTOR = YES;
				GCC_WARN_UNINITIALIZED_AUTOS = YES_AGGRESSIVE;
				GCC_WARN_UNUSED_FUNCTION = YES;
				GCC_WARN_UNUSED_VARIABLE = YES;
				MTL_ENABLE_DEBUG_INFO = NO;
				MTL_FAST_MATH = YES;
				SWIFT_COMPILATION_MODE = wholemodule;
				SWIFT_OPTIMIZATION_LEVEL = "-O";
			};
			name = Release;
		};
		817CA760275CF53900B137BC /* Debug */ = {
			isa = XCBuildConfiguration;
			buildSettings = {
				ASSETCATALOG_COMPILER_APPICON_NAME = AppIcon;
				ASSETCATALOG_COMPILER_GLOBAL_ACCENT_COLOR_NAME = AccentColor;
				ASSETCATALOG_COMPILER_INCLUDE_ALL_APPICON_ASSETS = YES;
				CODE_SIGN_STYLE = Automatic;
				CURRENT_PROJECT_VERSION = 1;
				DEVELOPMENT_TEAM = 9ZWRZN85R3;
				ENABLE_PREVIEWS = YES;
				GENERATE_INFOPLIST_FILE = YES;
				INFOPLIST_FILE = "OpenWetter--iOS--Info.plist";
				INFOPLIST_KEY_UIApplicationSceneManifest_Generation = YES;
				INFOPLIST_KEY_UIApplicationSupportsIndirectInputEvents = YES;
				INFOPLIST_KEY_UILaunchScreen_Generation = YES;
				INFOPLIST_KEY_UISupportedInterfaceOrientations = UIInterfaceOrientationPortrait;
				INFOPLIST_KEY_UISupportedInterfaceOrientations_iPad = "UIInterfaceOrientationPortrait UIInterfaceOrientationPortraitUpsideDown UIInterfaceOrientationLandscapeLeft UIInterfaceOrientationLandscapeRight";
				INFOPLIST_KEY_UISupportedInterfaceOrientations_iPhone = "UIInterfaceOrientationPortrait UIInterfaceOrientationLandscapeLeft UIInterfaceOrientationLandscapeRight";
				IPHONEOS_DEPLOYMENT_TARGET = 15.0;
				LD_RUNPATH_SEARCH_PATHS = (
					"$(inherited)",
					"@executable_path/Frameworks",
				);
				MARKETING_VERSION = 1.0;
				PRODUCT_BUNDLE_IDENTIFIER = net.kiebel.OpenWetter;
				PRODUCT_NAME = OpenWetter;
				SDKROOT = iphoneos;
				SWIFT_EMIT_LOC_STRINGS = YES;
				SWIFT_VERSION = 5.0;
				TARGETED_DEVICE_FAMILY = "1,2";
			};
			name = Debug;
		};
		817CA761275CF53900B137BC /* Release */ = {
			isa = XCBuildConfiguration;
			buildSettings = {
				ASSETCATALOG_COMPILER_APPICON_NAME = AppIcon;
				ASSETCATALOG_COMPILER_GLOBAL_ACCENT_COLOR_NAME = AccentColor;
				ASSETCATALOG_COMPILER_INCLUDE_ALL_APPICON_ASSETS = YES;
				CODE_SIGN_STYLE = Automatic;
				CURRENT_PROJECT_VERSION = 1;
				DEVELOPMENT_TEAM = 9ZWRZN85R3;
				ENABLE_PREVIEWS = YES;
				GENERATE_INFOPLIST_FILE = YES;
				INFOPLIST_FILE = "OpenWetter--iOS--Info.plist";
				INFOPLIST_KEY_UIApplicationSceneManifest_Generation = YES;
				INFOPLIST_KEY_UIApplicationSupportsIndirectInputEvents = YES;
				INFOPLIST_KEY_UILaunchScreen_Generation = YES;
				INFOPLIST_KEY_UISupportedInterfaceOrientations = UIInterfaceOrientationPortrait;
				INFOPLIST_KEY_UISupportedInterfaceOrientations_iPad = "UIInterfaceOrientationPortrait UIInterfaceOrientationPortraitUpsideDown UIInterfaceOrientationLandscapeLeft UIInterfaceOrientationLandscapeRight";
				INFOPLIST_KEY_UISupportedInterfaceOrientations_iPhone = "UIInterfaceOrientationPortrait UIInterfaceOrientationLandscapeLeft UIInterfaceOrientationLandscapeRight";
				IPHONEOS_DEPLOYMENT_TARGET = 15.0;
				LD_RUNPATH_SEARCH_PATHS = (
					"$(inherited)",
					"@executable_path/Frameworks",
				);
				MARKETING_VERSION = 1.0;
				PRODUCT_BUNDLE_IDENTIFIER = net.kiebel.OpenWetter;
				PRODUCT_NAME = OpenWetter;
				SDKROOT = iphoneos;
				SWIFT_EMIT_LOC_STRINGS = YES;
				SWIFT_VERSION = 5.0;
				TARGETED_DEVICE_FAMILY = "1,2";
				VALIDATE_PRODUCT = YES;
			};
			name = Release;
		};
		817CA763275CF53900B137BC /* Debug */ = {
			isa = XCBuildConfiguration;
			buildSettings = {
				ASSETCATALOG_COMPILER_APPICON_NAME = AppIcon;
				ASSETCATALOG_COMPILER_GLOBAL_ACCENT_COLOR_NAME = AccentColor;
				CODE_SIGN_ENTITLEMENTS = macOS/macOS.entitlements;
				CODE_SIGN_STYLE = Automatic;
				COMBINE_HIDPI_IMAGES = YES;
				CURRENT_PROJECT_VERSION = 1;
				DEVELOPMENT_TEAM = 9ZWRZN85R3;
				ENABLE_HARDENED_RUNTIME = YES;
				ENABLE_PREVIEWS = YES;
				GENERATE_INFOPLIST_FILE = YES;
				INFOPLIST_KEY_NSHumanReadableCopyright = "";
				LD_RUNPATH_SEARCH_PATHS = (
					"$(inherited)",
					"@executable_path/../Frameworks",
				);
				MACOSX_DEPLOYMENT_TARGET = 12.0;
				MARKETING_VERSION = 1.0;
				PRODUCT_BUNDLE_IDENTIFIER = net.kiebel.OpenWetter;
				PRODUCT_NAME = OpenWetter;
				SDKROOT = macosx;
				SWIFT_EMIT_LOC_STRINGS = YES;
				SWIFT_VERSION = 5.0;
			};
			name = Debug;
		};
		817CA764275CF53900B137BC /* Release */ = {
			isa = XCBuildConfiguration;
			buildSettings = {
				ASSETCATALOG_COMPILER_APPICON_NAME = AppIcon;
				ASSETCATALOG_COMPILER_GLOBAL_ACCENT_COLOR_NAME = AccentColor;
				CODE_SIGN_ENTITLEMENTS = macOS/macOS.entitlements;
				CODE_SIGN_STYLE = Automatic;
				COMBINE_HIDPI_IMAGES = YES;
				CURRENT_PROJECT_VERSION = 1;
				DEVELOPMENT_TEAM = 9ZWRZN85R3;
				ENABLE_HARDENED_RUNTIME = YES;
				ENABLE_PREVIEWS = YES;
				GENERATE_INFOPLIST_FILE = YES;
				INFOPLIST_KEY_NSHumanReadableCopyright = "";
				LD_RUNPATH_SEARCH_PATHS = (
					"$(inherited)",
					"@executable_path/../Frameworks",
				);
				MACOSX_DEPLOYMENT_TARGET = 12.0;
				MARKETING_VERSION = 1.0;
				PRODUCT_BUNDLE_IDENTIFIER = net.kiebel.OpenWetter;
				PRODUCT_NAME = OpenWetter;
				SDKROOT = macosx;
				SWIFT_EMIT_LOC_STRINGS = YES;
				SWIFT_VERSION = 5.0;
			};
			name = Release;
		};
/* End XCBuildConfiguration section */

/* Begin XCConfigurationList section */
		817CA745275CF53700B137BC /* Build configuration list for PBXProject "OpenWetter" */ = {
			isa = XCConfigurationList;
			buildConfigurations = (
				817CA75D275CF53900B137BC /* Debug */,
				817CA75E275CF53900B137BC /* Release */,
			);
			defaultConfigurationIsVisible = 0;
			defaultConfigurationName = Release;
		};
		817CA75F275CF53900B137BC /* Build configuration list for PBXNativeTarget "OpenWetter (iOS)" */ = {
			isa = XCConfigurationList;
			buildConfigurations = (
				817CA760275CF53900B137BC /* Debug */,
				817CA761275CF53900B137BC /* Release */,
			);
			defaultConfigurationIsVisible = 0;
			defaultConfigurationName = Release;
		};
		817CA762275CF53900B137BC /* Build configuration list for PBXNativeTarget "OpenWetter (macOS)" */ = {
			isa = XCConfigurationList;
			buildConfigurations = (
				817CA763275CF53900B137BC /* Debug */,
				817CA764275CF53900B137BC /* Release */,
			);
			defaultConfigurationIsVisible = 0;
			defaultConfigurationName = Release;
		};
/* End XCConfigurationList section */
	};
	rootObject = 817CA742275CF53700B137BC /* Project object */;
}
